<Solution>
  <Project Path="src/SecureClientPortal.Domain/SecureClientPortal.Domain.csproj" />
  <Project Path="src/SecureClientPortal.Application/SecureClientPortal.Application.csproj" />
  <Project Path="src/SecureClientPortal.Infrastructure/SecureClientPortal.Infrastructure.csproj" />
  <Project Path="src/SecureClientPortal.Api/SecureClientPortal.Api.csproj" />
  <Project Path="test/SecureClientPortal.Tests/SecureClientPortal.Tests.csproj" />
</Solution>
